
Microsoft Visual Studio Solution File, Format Version 12.00
# Visual Studio Version 17
VisualStudioVersion = 17.4.33122.133
MinimumVisualStudioVersion = 10.0.40219.1
Project("{9A19103F-16F7-4668-BE54-9A1E7A4F7556}") = "PlanoContas", "PlanoContas\PlanoContas.csproj", "{23A64E25-2A0A-4180-8ADC-426D5A6FC5B8}"
EndProject
Project("{9A19103F-16F7-4668-BE54-9A1E7A4F7556}") = "PlanoContas.Application", "PlanoContas.Application\PlanoContas.Application.csproj", "{22FAFA6C-AE7D-4FC7-B1BB-C8AFDBD1F20D}"
EndProject
Project("{9A19103F-16F7-4668-BE54-9A1E7A4F7556}") = "PlanoContas.Domain", "PlanoContas.Domain\PlanoContas.Domain.csproj", "{74B1FF2F-D586-4E90-B620-A9286B35F1FF}"
EndProject
Project("{9A19103F-16F7-4668-BE54-9A1E7A4F7556}") = "PlanoContas.Infraestructure", "PlanoContas.Infraestructure\PlanoContas.Infraestructure.csproj", "{BC514D0D-6948-4BCA-A8F4-183BCEC26C87}"
EndProject
Global
	GlobalSection(SolutionConfigurationPlatforms) = preSolution
		Debug|Any CPU = Debug|Any CPU
		Release|Any CPU = Release|Any CPU
	EndGlobalSection
	GlobalSection(ProjectConfigurationPlatforms) = postSolution
		{23A64E25-2A0A-4180-8ADC-426D5A6FC5B8}.Debug|Any CPU.ActiveCfg = Debug|Any CPU
		{23A64E25-2A0A-4180-8ADC-426D5A6FC5B8}.Debug|Any CPU.Build.0 = Debug|Any CPU
		{23A64E25-2A0A-4180-8ADC-426D5A6FC5B8}.Release|Any CPU.ActiveCfg = Release|Any CPU
		{23A64E25-2A0A-4180-8ADC-426D5A6FC5B8}.Release|Any CPU.Build.0 = Release|Any CPU
		{22FAFA6C-AE7D-4FC7-B1BB-C8AFDBD1F20D}.Debug|Any CPU.ActiveCfg = Debug|Any CPU
		{22FAFA6C-AE7D-4FC7-B1BB-C8AFDBD1F20D}.Debug|Any CPU.Build.0 = Debug|Any CPU
		{22FAFA6C-AE7D-4FC7-B1BB-C8AFDBD1F20D}.Release|Any CPU.ActiveCfg = Release|Any CPU
		{22FAFA6C-AE7D-4FC7-B1BB-C8AFDBD1F20D}.Release|Any CPU.Build.0 = Release|Any CPU
		{74B1FF2F-D586-4E90-B620-A9286B35F1FF}.Debug|Any CPU.ActiveCfg = Debug|Any CPU
		{74B1FF2F-D586-4E90-B620-A9286B35F1FF}.Debug|Any CPU.Build.0 = Debug|Any CPU
		{74B1FF2F-D586-4E90-B620-A9286B35F1FF}.Release|Any CPU.ActiveCfg = Release|Any CPU
		{74B1FF2F-D586-4E90-B620-A9286B35F1FF}.Release|Any CPU.Build.0 = Release|Any CPU
		{BC514D0D-6948-4BCA-A8F4-183BCEC26C87}.Debug|Any CPU.ActiveCfg = Debug|Any CPU
		{BC514D0D-6948-4BCA-A8F4-183BCEC26C87}.Debug|Any CPU.Build.0 = Debug|Any CPU
		{BC514D0D-6948-4BCA-A8F4-183BCEC26C87}.Release|Any CPU.ActiveCfg = Release|Any CPU
		{BC514D0D-6948-4BCA-A8F4-183BCEC26C87}.Release|Any CPU.Build.0 = Release|Any CPU
	EndGlobalSection
	GlobalSection(SolutionProperties) = preSolution
		HideSolutionNode = FALSE
	EndGlobalSection
	GlobalSection(ExtensibilityGlobals) = postSolution
		SolutionGuid = {93EC733E-A8D0-4487-883A-217535326211}
	EndGlobalSection
EndGlobal
